
Microsoft Visual Studio Solution File, Format Version 12.00
# Visual Studio Version 17
VisualStudioVersion = 17.0.31903.59
MinimumVisualStudioVersion = 10.0.40219.1
Project("{2150E333-8FDC-42A3-9474-1A3956D46DE8}") = "src", "src", "{7C72D930-9EE6-4CA3-8F01-40429262EE29}"
EndProject
Project("{FAE04EC0-301F-11D3-BF4B-00C04F79EFBC}") = "PathlingS3Import", "src\PathlingS3Import\PathlingS3Import.csproj", "{1B97F255-F56D-4AE5-A25A-2C9C2AFEBFAB}"
EndProject
Project("{FAE04EC0-301F-11D3-BF4B-00C04F79EFBC}") = "PathlingS3Import.Tests.E2E", "src\PathlingS3Import.Tests.E2E\PathlingS3Import.Tests.E2E.csproj", "{91793B35-10E1-49D7-9D97-D69B6C083BEA}"
EndProject
Project("{FAE04EC0-301F-11D3-BF4B-00C04F79EFBC}") = "PathlingS3Import.Tests", "src\PathlingS3Import.Tests\PathlingS3Import.Tests.csproj", "{23A3181C-276C-4C2E-B9C2-5A102E2028F1}"
EndProject
Global
	GlobalSection(SolutionConfigurationPlatforms) = preSolution
		Debug|Any CPU = Debug|Any CPU
		Release|Any CPU = Release|Any CPU
	EndGlobalSection
	GlobalSection(SolutionProperties) = preSolution
		HideSolutionNode = FALSE
	EndGlobalSection
	GlobalSection(ProjectConfigurationPlatforms) = postSolution
		{1B97F255-F56D-4AE5-A25A-2C9C2AFEBFAB}.Debug|Any CPU.ActiveCfg = Debug|Any CPU
		{1B97F255-F56D-4AE5-A25A-2C9C2AFEBFAB}.Debug|Any CPU.Build.0 = Debug|Any CPU
		{1B97F255-F56D-4AE5-A25A-2C9C2AFEBFAB}.Release|Any CPU.ActiveCfg = Release|Any CPU
		{1B97F255-F56D-4AE5-A25A-2C9C2AFEBFAB}.Release|Any CPU.Build.0 = Release|Any CPU
		{91793B35-10E1-49D7-9D97-D69B6C083BEA}.Debug|Any CPU.ActiveCfg = Debug|Any CPU
		{91793B35-10E1-49D7-9D97-D69B6C083BEA}.Debug|Any CPU.Build.0 = Debug|Any CPU
		{91793B35-10E1-49D7-9D97-D69B6C083BEA}.Release|Any CPU.ActiveCfg = Release|Any CPU
		{91793B35-10E1-49D7-9D97-D69B6C083BEA}.Release|Any CPU.Build.0 = Release|Any CPU
		{23A3181C-276C-4C2E-B9C2-5A102E2028F1}.Debug|Any CPU.ActiveCfg = Debug|Any CPU
		{23A3181C-276C-4C2E-B9C2-5A102E2028F1}.Debug|Any CPU.Build.0 = Debug|Any CPU
		{23A3181C-276C-4C2E-B9C2-5A102E2028F1}.Release|Any CPU.ActiveCfg = Release|Any CPU
		{23A3181C-276C-4C2E-B9C2-5A102E2028F1}.Release|Any CPU.Build.0 = Release|Any CPU
	EndGlobalSection
	GlobalSection(NestedProjects) = preSolution
		{1B97F255-F56D-4AE5-A25A-2C9C2AFEBFAB} = {7C72D930-9EE6-4CA3-8F01-40429262EE29}
		{91793B35-10E1-49D7-9D97-D69B6C083BEA} = {7C72D930-9EE6-4CA3-8F01-40429262EE29}
		{23A3181C-276C-4C2E-B9C2-5A102E2028F1} = {7C72D930-9EE6-4CA3-8F01-40429262EE29}
	EndGlobalSection
EndGlobal
